
Microsoft Visual Studio Solution File, Format Version 12.00
# Visual Studio 15
VisualStudioVersion = 15.0.26124.0
MinimumVisualStudioVersion = 15.0.26124.0
Project("{2150E333-8FDC-42A3-9474-1A3956D46DE8}") = "src", "src", "{1B022B90-12C7-469E-887F-527F9D9B8EAC}"
EndProject
Project("{FAE04EC0-301F-11D3-BF4B-00C04F79EFBC}") = "PalTracker", "src\PalTracker\PalTracker.csproj", "{45EDC1E9-6FA6-44A6-81A0-DD503060EA61}"
EndProject
Project("{2150E333-8FDC-42A3-9474-1A3956D46DE8}") = "test", "test", "{11CB6D79-CDD5-4FC2-866F-C6B17FF9D0A1}"
EndProject
Project("{FAE04EC0-301F-11D3-BF4B-00C04F79EFBC}") = "PalTrackerTests", "test\PalTrackerTests\PalTrackerTests.csproj", "{AB4B47E5-BD83-4A67-B62E-3EA4293B25A3}"
EndProject
Global
	GlobalSection(SolutionConfigurationPlatforms) = preSolution
		Debug|Any CPU = Debug|Any CPU
		Debug|x64 = Debug|x64
		Debug|x86 = Debug|x86
		Release|Any CPU = Release|Any CPU
		Release|x64 = Release|x64
		Release|x86 = Release|x86
	EndGlobalSection
	GlobalSection(SolutionProperties) = preSolution
		HideSolutionNode = FALSE
	EndGlobalSection
	GlobalSection(ProjectConfigurationPlatforms) = postSolution
		{45EDC1E9-6FA6-44A6-81A0-DD503060EA61}.Debug|Any CPU.ActiveCfg = Debug|Any CPU
		{45EDC1E9-6FA6-44A6-81A0-DD503060EA61}.Debug|Any CPU.Build.0 = Debug|Any CPU
		{45EDC1E9-6FA6-44A6-81A0-DD503060EA61}.Debug|x64.ActiveCfg = Debug|Any CPU
		{45EDC1E9-6FA6-44A6-81A0-DD503060EA61}.Debug|x64.Build.0 = Debug|Any CPU
		{45EDC1E9-6FA6-44A6-81A0-DD503060EA61}.Debug|x86.ActiveCfg = Debug|Any CPU
		{45EDC1E9-6FA6-44A6-81A0-DD503060EA61}.Debug|x86.Build.0 = Debug|Any CPU
		{45EDC1E9-6FA6-44A6-81A0-DD503060EA61}.Release|Any CPU.ActiveCfg = Release|Any CPU
		{45EDC1E9-6FA6-44A6-81A0-DD503060EA61}.Release|Any CPU.Build.0 = Release|Any CPU
		{45EDC1E9-6FA6-44A6-81A0-DD503060EA61}.Release|x64.ActiveCfg = Release|Any CPU
		{45EDC1E9-6FA6-44A6-81A0-DD503060EA61}.Release|x64.Build.0 = Release|Any CPU
		{45EDC1E9-6FA6-44A6-81A0-DD503060EA61}.Release|x86.ActiveCfg = Release|Any CPU
		{45EDC1E9-6FA6-44A6-81A0-DD503060EA61}.Release|x86.Build.0 = Release|Any CPU
		{AB4B47E5-BD83-4A67-B62E-3EA4293B25A3}.Debug|Any CPU.ActiveCfg = Debug|Any CPU
		{AB4B47E5-BD83-4A67-B62E-3EA4293B25A3}.Debug|Any CPU.Build.0 = Debug|Any CPU
		{AB4B47E5-BD83-4A67-B62E-3EA4293B25A3}.Debug|x64.ActiveCfg = Debug|Any CPU
		{AB4B47E5-BD83-4A67-B62E-3EA4293B25A3}.Debug|x64.Build.0 = Debug|Any CPU
		{AB4B47E5-BD83-4A67-B62E-3EA4293B25A3}.Debug|x86.ActiveCfg = Debug|Any CPU
		{AB4B47E5-BD83-4A67-B62E-3EA4293B25A3}.Debug|x86.Build.0 = Debug|Any CPU
		{AB4B47E5-BD83-4A67-B62E-3EA4293B25A3}.Release|Any CPU.ActiveCfg = Release|Any CPU
		{AB4B47E5-BD83-4A67-B62E-3EA4293B25A3}.Release|Any CPU.Build.0 = Release|Any CPU
		{AB4B47E5-BD83-4A67-B62E-3EA4293B25A3}.Release|x64.ActiveCfg = Release|Any CPU
		{AB4B47E5-BD83-4A67-B62E-3EA4293B25A3}.Release|x64.Build.0 = Release|Any CPU
		{AB4B47E5-BD83-4A67-B62E-3EA4293B25A3}.Release|x86.ActiveCfg = Release|Any CPU
		{AB4B47E5-BD83-4A67-B62E-3EA4293B25A3}.Release|x86.Build.0 = Release|Any CPU
	EndGlobalSection
	GlobalSection(NestedProjects) = preSolution
		{45EDC1E9-6FA6-44A6-81A0-DD503060EA61} = {1B022B90-12C7-469E-887F-527F9D9B8EAC}
		{AB4B47E5-BD83-4A67-B62E-3EA4293B25A3} = {11CB6D79-CDD5-4FC2-866F-C6B17FF9D0A1}
	EndGlobalSection
EndGlobal
